lockfileVersion: '9.0'

settings:
  autoInstallPeers: true
  excludeLinksFromLockfile: false

importers:

  .:
    dependencies:
      '@modelcontextprotocol/sdk':
        specifier: https://github.com/i-am-bee/mcp-typescript-sdk.git
        version: https://codeload.github.com/i-am-bee/mcp-typescript-sdk/tar.gz/5e969912686ee1c31c87e1cf743aaa4ac43b05af
      bee-agent-framework:
        specifier: ^0.0.58
        version: 0.0.58(@modelcontextprotocol/sdk@https://codeload.github.com/i-am-bee/mcp-typescript-sdk/tar.gz/5e969912686ee1c31c87e1cf743aaa4ac43b05af)(ollama@0.5.12)(openai-chat-tokens@0.2.8)(openai@4.80.1(zod@3.24.1))
      ollama:
        specifier: ^0.5.12
        version: 0.5.12
      openai:
        specifier: ^4.80.0
        version: 4.80.1(zod@3.24.1)
      openai-chat-tokens:
        specifier: ^0.2.8
        version: 0.2.8

packages:

  '@ai-zen/node-fetch-event-source@2.1.4':
    resolution: {integrity: sha512-OHFwPJecr+qwlyX5CGmTvKAKPZAdZaxvx/XDqS1lx4I2ZAk9riU0XnEaRGOOAEFrdcLZ98O5yWqubwjaQc0umg==}

  '@apidevtools/json-schema-ref-parser@11.7.3':
    resolution: {integrity: sha512-WApSdLdXEBb/1FUPca2lteASewEfpjEYJ8oXZP+0gExK5qSfsEKBKcA+WjY6Q4wvXwyv0+W6Kvc372pSceib9w==}
    engines: {node: '>= 16'}

  '@babel/runtime@7.26.7':
    resolution: {integrity: sha512-AOPI3D+a8dXnja+iwsUqGRjr1BbZIe771sXdapOtYI531gSqpi92vXivKcq2asu/DFpdl1ceFAKZyRzK2PCVcQ==}
    engines: {node: '>=6.9.0'}

  '@jsdevtools/ono@7.1.3':
    resolution: {integrity: sha512-4JQNk+3mVzK3xh2rqd6RB4J46qUR19azEHBneZyTZM+c456qOrbbM/5xcR8huNCCcbVt7+UmizG6GuUvPvKUYg==}

  '@lambdatest/node-tunnel@4.0.8':
    resolution: {integrity: sha512-IY42aDD4Ryqjug9V4wpCjckKpHjC2zrU/XhhorR5ztX088XITRFKUo8U6+gOjy/V8kAB+EgDuIXfK0izXbt9Ow==}

  '@mixmark-io/domino@2.2.0':
    resolution: {integrity: sha512-Y28PR25bHXUg88kCV7nivXrP2Nj2RueZ3/l/jdx6J9f8J4nsEGcgX0Qe6lt7Pa+J79+kPiJU3LguR6O/6zrLOw==}

  '@modelcontextprotocol/sdk@https://codeload.github.com/i-am-bee/mcp-typescript-sdk/tar.gz/5e969912686ee1c31c87e1cf743aaa4ac43b05af':
    resolution: {tarball: https://codeload.github.com/i-am-bee/mcp-typescript-sdk/tar.gz/5e969912686ee1c31c87e1cf743aaa4ac43b05af}
    version: 1.3.1
    engines: {node: '>=18'}

  '@opentelemetry/api@1.9.0':
    resolution: {integrity: sha512-3giAOQvZiH5F9bMlMiv8+GSPMeqg0dbaeo58/0SlA9sxSqZhnUtxzX9/2FzyhS9sWQf5S0GJE0AKBrFqjpeYcg==}
    engines: {node: '>=8.0.0'}

  '@sindresorhus/is@4.6.0':
    resolution: {integrity: sha512-t09vSN3MdfsyCHoFcTRCH/iUtG7OJ0CsjzB8cjAmKc/va/kIgeDI/TxsigdncE/4be734m0cvIYwNaV4i2XqAw==}
    engines: {node: '>=10'}

  '@streamparser/json@0.0.21':
    resolution: {integrity: sha512-v+49JBiG1kmc/9Ug79Lz9wyKaRocBgCnpRaLpdy7p0d3ICKtOAfc/H/Epa1j3F6YdnzjnZKKrnJ8xnh/v1P8Aw==}

  '@types/json-schema@7.0.15':
    resolution: {integrity: sha512-5+fP8P8MFNC+AyZCDxrB2pkZFPGzqQWUzpSeuuVLvm8VMcorNYavBqoFcxK8bQz4Qsbn4oUEEem4wDLfcysGHA==}

  '@types/lodash-es@4.17.12':
    resolution: {integrity: sha512-0NgftHUcV4v34VhXm8QBSftKVXtbkBG3ViCjs6+eJ5a6y6Mi/jiFGPc1sC7QK+9BFhWrURE3EOggmWaSxL9OzQ==}

  '@types/lodash@4.17.14':
    resolution: {integrity: sha512-jsxagdikDiDBeIRaPYtArcT8my4tN1og7MtMRquFT3XNA6axxyHDRUemqDz/taRDdOUn0GnGHRCuff4q48sW9A==}

  '@types/node-fetch@2.6.12':
    resolution: {integrity: sha512-8nneRWKCg3rMtF69nLQJnOYUcbafYeFSjqkw3jCRLsqkWFlHaoQrr5mXmofFGOx3DKn7UfmBMyov8ySvLRVldA==}

  '@types/node@18.19.74':
    resolution: {integrity: sha512-HMwEkkifei3L605gFdV+/UwtpxP6JSzM+xFk2Ia6DNFSwSVBRh9qp5Tgf4lNFOMfPVuU0WnkcWpXZpgn5ufO4A==}

  abort-controller@3.0.0:
    resolution: {integrity: sha512-h8lQ8tacZYnR3vNQTgibj+tODHI5/+l06Au2Pcriv/Gmet0eaj4TwWH41sO9wnHDiQsEj19q0drzdWdeAHtweg==}
    engines: {node: '>=6.5'}

  adm-zip@0.5.16:
    resolution: {integrity: sha512-TGw5yVi4saajsSEgz25grObGHEUaDrniwvA2qwSC060KfqGPdglhvPMA2lPIoxs3PQIItj2iag35fONcQqgUaQ==}
    engines: {node: '>=12.0'}

  agent-base@6.0.2:
    resolution: {integrity: sha512-RZNwNclF7+MS/8bDg70amg32dyeZGZxiDuQmZxKLAlQjr3jGyLx+4Kkk58UO7D2QdgFIQCovuSuZESne6RG6XQ==}
    engines: {node: '>= 6.0.0'}

  agentkeepalive@4.6.0:
    resolution: {integrity: sha512-kja8j7PjmncONqaTsB8fQ+wE2mSU2DJ9D4XKoJ5PFWIdRMa6SLSN1ff4mOr4jCbfRSsxR4keIiySJU0N9T5hIQ==}
    engines: {node: '>= 8.0.0'}

  ajv-formats@3.0.1:
    resolution: {integrity: sha512-8iUql50EUR+uUcdRQ3HDqa6EVyo3docL8g5WJ3FNcWmu62IbkGUue/pEyLBW8VGKKucTPgqeks4fIU1DA4yowQ==}
    peerDependencies:
      ajv: ^8.0.0
    peerDependenciesMeta:
      ajv:
        optional: true

  ajv@8.17.1:
    resolution: {integrity: sha512-B/gBuNg5SiMTrPkC+A2+cW0RszwxYmn6VYxB/inlBStS5nx6xHIt/ehKRhIMhqusl7a8LjQoZnjCs5vhwxOQ1g==}

  argparse@2.0.1:
    resolution: {integrity: sha512-8+9WqebbFzpX9OR+Wa6O29asIogeRMzcGtAINdpMHHyAg10f05aSFVBbcEqGf/PXw1EjAZ+q2/bEBg3DvurK3Q==}

  asynckit@0.4.0:
    resolution: {integrity: sha512-Oei9OH4tRh0YqU3GxhX79dM/mwVgvbZJaSNaRk+bshkj0S5cfHcgYakreBjrHwatXKbz+IoIdYLxrKim2MjW0Q==}

  atomic-sleep@1.0.0:
    resolution: {integrity: sha512-kNOjDqAh7px0XWNI+4QbzoiR/nTkHAWNud2uvnJquD1/x5a7EQZMJT0AczqK0Qn67oY/TTQ1LbUKajZpp3I9tQ==}
    engines: {node: '>=8.0.0'}

  axios@1.7.9:
    resolution: {integrity: sha512-LhLcE7Hbiryz8oMDdDptSrWowmB4Bl6RCt6sIJKpRB4XtVf0iEgewX3au/pJqm+Py1kCASkb/FFKjxQaLtxJvw==}

  base64-js@1.5.1:
    resolution: {integrity: sha512-AKpaYlHn8t4SVbOHCy+b5+KKgvR4vrsD8vbvrbiQJps7fKDTkjkDry6ji0rUJjC0kzbNePLwzxq8iypo41qeWA==}

  bee-agent-framework@0.0.58:
    resolution: {integrity: sha512-fOds1DmOFF09cePot6Tc1bcXnLOZhOCCQFolUseUvthclv+pNsLtrv7eZTI/rWAuQVq/X8P+QEo+3Cf0zFWKFg==}
    version: 0.0.58
    peerDependencies:
      '@aws-sdk/client-bedrock-runtime': ^3.687.0
      '@elastic/elasticsearch': ^8.0.0
      '@google-cloud/vertexai': '*'
      '@googleapis/customsearch': ^3.2.0
      '@grpc/grpc-js': ^1.11.3
      '@grpc/proto-loader': ^0.7.13
      '@langchain/community': '>=0.2.28'
      '@langchain/core': '>=0.2.27'
      '@modelcontextprotocol/sdk': ^1.0.4
      '@zilliz/milvus2-sdk-node': ^2.4.9
      google-auth-library: '*'
      groq-sdk: ^0.7.0
      ollama: ^0.5.11
      openai: ^4.67.3
      openai-chat-tokens: ^0.2.8
      sequelize: ^6.37.3
      yaml: ^2.6.1
    peerDependenciesMeta:
      '@aws-sdk/client-bedrock-runtime':
        optional: true
      '@elastic/elasticsearch':
        optional: true
      '@google-cloud/vertexai':
        optional: true
      '@googleapis/customsearch':
        optional: true
      '@grpc/grpc-js':
        optional: true
      '@grpc/proto-loader':
        optional: true
      '@langchain/community':
        optional: true
      '@langchain/core':
        optional: true
      '@modelcontextprotocol/sdk':
        optional: true
      '@zilliz/milvus2-sdk-node':
        optional: true
      google-auth-library:
        optional: true
      groq-sdk:
        optional: true
      ollama:
        optional: true
      openai:
        optional: true
      openai-chat-tokens:
        optional: true
      sequelize:
        optional: true
      yaml:
        optional: true

  browserslist@4.24.4:
    resolution: {integrity: sha512-KDi1Ny1gSePi1vm0q4oxSF8b4DR44GF4BbmS2YdhPLOEqd8pDviZOGH/GsmRwoWJ2+5Lr085X7naowMwKHDG1A==}
    engines: {node: ^6 || ^7 || ^8 || ^9 || ^10 || ^11 || ^12 || >=13.7}
    hasBin: true

  bytes@3.1.2:
    resolution: {integrity: sha512-/Nf7TyzTx6S3yRJObOAV7956r8cr2+Oj8AC5dt8wSP3BQAoeX58NoHyCU8P8zGkNXStjTSi6fzO6F0pBdcYbEg==}
    engines: {node: '>= 0.8'}

  callsites@3.1.0:
    resolution: {integrity: sha512-P8BjAsXvZS+VIDUI11hHCQEv74YT67YUi5JJFNWIqL235sBmjX4+qx9Muvls5ivyNENctx46xQLQ3aTuE7ssaQ==}
    engines: {node: '>=6'}

  camelcase@4.1.0:
    resolution: {integrity: sha512-FxAv7HpHrXbh3aPo4o2qxHay2lkLY3x5Mw3KeE4KQE8ysVfziWeRZDwcjauvwBSGEC/nXUPzZy8zeh4HokqOnw==}
    engines: {node: '>=4'}

  caniuse-lite@1.0.30001695:
    resolution: {integrity: sha512-vHyLade6wTgI2u1ec3WQBxv+2BrTERV28UXQu9LO6lZ9pYeMk34vjXFLOxo1A4UBA8XTL4njRQZdno/yYaSmWw==}

  codsen-utils@1.6.4:
    resolution: {integrity: sha512-PDyvQ5f2PValmqZZIJATimcokDt4JjIev8cKbZgEOoZm+U1IJDYuLeTcxZPQdep99R/X0RIlQ6ReQgPOVnPbNw==}
    engines: {node: '>=14.18.0'}

  combined-stream@1.0.8:
    resolution: {integrity: sha512-FQN4MRfuJeHf7cBbBMJFXhKSDq+2kAArBlmRBvcvFE5BB1HZKXtSFASDhdlz9zOYwxh8lDdnvmMOe/+5cdoEdg==}
    engines: {node: '>= 0.8'}

  complex.js@2.4.2:
    resolution: {integrity: sha512-qtx7HRhPGSCBtGiST4/WGHuW+zeaND/6Ld+db6PbrulIB1i2Ev/2UPiqcmpQNPSyfBKraC0EOvOKCB5dGZKt3g==}

  content-type@1.0.5:
    resolution: {integrity: sha512-nTjqfcBFEipKdXCv4YDQWCfmcLZKm81ldF0pAopTvyrFGVbcR6P/VAAd5G7N+0tTr8QqiU0tFadD6FK4NtJwOA==}
    engines: {node: '>= 0.6'}

  cross-fetch@4.1.0:
    resolution: {integrity: sha512-uKm5PU+MHTootlWEY+mZ4vvXoCn4fLQxT9dSc1sXVMSFkINTJVN8cAQROpwcKm8bJ/c7rgZVIBWzH5T78sNZZw==}

  debug@4.4.0:
    resolution: {integrity: sha512-6WTZ/IxCY/T6BALoZHaE4ctp9xm+Z5kY/pzYaCHRFeyVhojxlrm+46y68HA6hr0TcwEssoxNiDEUJQjfPZ/RYA==}
    engines: {node: '>=6.0'}
    peerDependencies:
      supports-color: '*'
    peerDependenciesMeta:
      supports-color:
        optional: true

  decimal.js@10.5.0:
    resolution: {integrity: sha512-8vDa8Qxvr/+d94hSh5P3IJwI5t8/c0KsMp+g8bNw9cY2icONa5aPfvKeieW1WlG0WQYwwhJ7mjui2xtiePQSXw==}

  delayed-stream@1.0.0:
    resolution: {integrity: sha512-ZySD7Nf91aLB0RxL4KGrKHBXl7Eds1DAmEdcoVawXnLD7SDhpNgtuII2aAkg7a7QS41jxPSZ17p4VdGnMHk3MQ==}
    engines: {node: '>=0.4.0'}

  depd@2.0.0:
    resolution: {integrity: sha512-g7nH6P6dyDioJogAAGprGpCtVImJhpPk/roCzdb3fIh61/s/nPsfR6onyMwkCAR/OlC3yBC0lESvUoQEAssIrw==}
    engines: {node: '>= 0.8'}

  dot-prop@6.0.1:
    resolution: {integrity: sha512-tE7ztYzXHIeyvc7N+hR3oi7FIbf/NIjVP9hmAt3yMXzrQ072/fpjGLx2GxNxGxUl5V73MEqYzioOMoVhGMJ5cA==}
    engines: {node: '>=10'}

  duck-duck-scrape@2.2.7:
    resolution: {integrity: sha512-BEcglwnfx5puJl90KQfX+Q2q5vCguqyMpZcSRPBWk8OY55qWwV93+E+7DbIkrGDW4qkqPfUvtOUdi0lXz6lEMQ==}

  electron-to-chromium@1.5.88:
    resolution: {integrity: sha512-K3C2qf1o+bGzbilTDCTBhTQcMS9KW60yTAaTeeXsfvQuTDDwlokLam/AdqlqcSy9u4UainDgsHV23ksXAOgamw==}

  escalade@3.2.0:
    resolution: {integrity: sha512-WUj2qlxaQtO4g6Pq5c29GTcWGDyd8itL8zTlipgECz3JesAiiOKotd8JU6otB3PACgG6xkJUyVhboMS+bje/jA==}
    engines: {node: '>=6'}

  escape-latex@1.2.0:
    resolution: {integrity: sha512-nV5aVWW1K0wEiUIEdZ4erkGGH8mDxGyxSeqPzRNtWP7ataw+/olFObw7hujFWlVjNsaDFw5VZ5NzVSIqRgfTiw==}

  event-target-shim@5.0.1:
    resolution: {integrity: sha512-i/2XbnSz/uxRCU6+NdVJgKWDTM427+MqYbkQzD321DuCQJUqOuJKIA0IM2+W2xtYHdKOmZ4dR6fExsd4SXL+WQ==}
    engines: {node: '>=6'}

  eventemitter3@5.0.1:
    resolution: {integrity: sha512-GWkBvjiSZK87ELrYOSESUYeVIc9mvLLf/nXalMOS5dYrgZq9o5OVkbZAVM06CVxYsCwH9BDZFPlQTlPA1j4ahA==}

  fast-deep-equal@3.1.3:
    resolution: {integrity: sha512-f3qQ9oQy9j2AhBe/H9VC91wLmKBCCU/gDOnKNAYG5hswO7BLKj09Hc5HYNz9cGI++xlpDCIgDaitVs03ATR84Q==}

  fast-redact@3.5.0:
    resolution: {integrity: sha512-dwsoQlS7h9hMeYUq1W++23NDcBLV4KqONnITDV9DjfS3q1SgDGVrBdvvTLUotWtPSD7asWDV9/CmsZPy8Hf70A==}
    engines: {node: '>=6'}

  fast-uri@3.0.6:
    resolution: {integrity: sha512-Atfo14OibSv5wAp4VWNsFYE1AchQRTv9cBGWET4pZWHzYshFSS9NQI6I57rdKn9croWVMbYFbLhJ+yJvmZIIHw==}

  fast-xml-parser@4.5.1:
    resolution: {integrity: sha512-y655CeyUQ+jj7KBbYMc4FG01V8ZQqjN+gDYGJ50RtfsUB8iG9AmwmwoAgeKLJdmueKKMrH1RJ7yXHTSoczdv5w==}
    hasBin: true

  fdir@6.4.3:
    resolution: {integrity: sha512-PMXmW2y1hDDfTSRc9gaXIuCCRpuoz3Kaz8cUelp3smouvfT632ozg2vrT6lJsHKKOF59YLbOGfAWGUcKEfRMQw==}
    peerDependencies:
      picomatch: ^3 || ^4
    peerDependenciesMeta:
      picomatch:
        optional: true

  follow-redirects@1.15.9:
    resolution: {integrity: sha512-gew4GsXizNgdoRyqmyfMHyAmXsZDk6mHkSxZFCzW9gwlbtOW44CDtYavM+y+72qD/Vq2l550kMF52DT8fOLJqQ==}
    engines: {node: '>=4.0'}
    peerDependencies:
      debug: '*'
    peerDependenciesMeta:
      debug:
        optional: true

  form-data-encoder@1.7.2:
    resolution: {integrity: sha512-qfqtYan3rxrnCk1VYaA4H+Ms9xdpPqvLZa6xmMgFvhO32x7/3J/ExcTd6qpxM0vH2GdMI+poehyBZvqfMTto8A==}

  form-data@4.0.1:
    resolution: {integrity: sha512-tzN8e4TX8+kkxGPK8D5u0FNmjPUjw3lwC9lSLxxoB/+GtsJG91CO8bSWy73APlgAZzZbXEYZJuxjkHH2w+Ezhw==}
    engines: {node: '>= 6'}

  formdata-node@4.4.1:
    resolution: {integrity: sha512-0iirZp3uVDjVGt9p49aTaqjk84TrglENEDuqfdlZQ1roC9CWlPk6Avf8EEnZNcAqPonwkG35x4n3ww/1THYAeQ==}
    engines: {node: '>= 12.20'}

  fraction.js@5.2.1:
    resolution: {integrity: sha512-Ah6t/7YCYjrPUFUFsOsRLMXAdnYM+aQwmojD2Ayb/Ezr82SwES0vuyQ8qZ3QO8n9j7W14VJuVZZet8U3bhSdQQ==}
    engines: {node: '>= 12'}

  generative-bayesian-network@2.1.62:
    resolution: {integrity: sha512-+zq1/AHdxb+0MXF34krM/IUu/N9gI6llzQg2gf7WMfuzh0nv6xbhb8QyfL48MOJihum7wSE90+/hMXK60X+Kpw==}

  get-port@1.0.0:
    resolution: {integrity: sha512-vg59F3kcXBOtcIijwtdAyCxFocyv/fVkGQvw1kVGrxFO1U4SSGkGjrbASg5DN3TVekVle/jltwOjYRnZWc1YdA==}
    engines: {node: '>=0.10.0'}
    hasBin: true

  header-generator@2.1.62:
    resolution: {integrity: sha512-L4y1Fush4bkC/3zEurWjiwzeuekAH3HMYA508EZDmvk1wPmcbpV/mq3u3d3fxq7v4oPmaCfsRm1T5DUH19uikA==}
    engines: {node: '>=16.0.0'}

  html-entities@2.5.2:
    resolution: {integrity: sha512-K//PSRMQk4FZ78Kyau+mZurHn3FH0Vwr+H36eE0rPbeYkRRi9YxceYPhuN60UwWorxyKHhqoAJl2OFKa4BVtaA==}

  http-errors@2.0.0:
    resolution: {integrity: sha512-FtwrG/euBzaEjYeRqOgly7G0qviiXoJWnvEH2Z1plBdXgbyjv34pHTSb9zoeHMyDy33+DWy5Wt9Wo+TURtOYSQ==}
    engines: {node: '>= 0.8'}

  https-proxy-agent@5.0.1:
    resolution: {integrity: sha512-dFcAjpTQFgoLMzC2VwU+C/CbS7uRL0lWmxDITmqm7C+7F0Odmj6s9l6alZc6AELXhrnggM2CeWSXHGOdX2YtwA==}
    engines: {node: '>= 6'}

  humanize-ms@1.2.1:
    resolution: {integrity: sha512-Fl70vYtsAFb/C06PTS9dZBo7ihau+Tu/DNCk/OyHhea07S+aeMWpFFkUaXRa8fI+ScZbEI8dfSxwY7gxZ9SAVQ==}

  iconv-lite@0.6.3:
    resolution: {integrity: sha512-4fCk79wshMdzMp2rH06qWrJE4iolqLhCUH+OiuIgU++RB0+94NlDL81atO7GX55uUKueo0txHNtvEyI6D7WdMw==}
    engines: {node: '>=0.10.0'}

  infobox-parser@3.6.4:
    resolution: {integrity: sha512-d2lTlxKZX7WsYxk9/UPt51nkmZv5tbC75SSw4hfHqZ3LpRAn6ug0oru9xI2X+S78va3aUAze3xl/UqMuwLmJUw==}

  inherits@2.0.4:
    resolution: {integrity: sha512-k/vGaX4/Yla3WzyMCvTQOXYeIHvqOKtnqBduzTHpzpQZzAskKMhZ2K+EnBiSM9zGSoIFeMpXKxa4dYeZIQqewQ==}

  is-extglob@2.1.1:
    resolution: {integrity: sha512-SbKbANkN603Vi4jEZv49LeVJMn4yGwsbzZworEoyEiutsN3nJYdbO36zfhGJ6QEDpOZIFkDtnq5JRxmvl3jsoQ==}
    engines: {node: '>=0.10.0'}

  is-glob@4.0.3:
    resolution: {integrity: sha512-xelSayHH36ZgE7ZWhli7pW34hNbNl8Ojv5KVmkJD4hBdD3th8Tfk9vYasLM+mXWOZhFkgZfxhLSnrwRr4elSSg==}
    engines: {node: '>=0.10.0'}

  is-obj@2.0.0:
    resolution: {integrity: sha512-drqDG3cbczxxEJRoOXcOjtdp1J/lyp1mNn0xaznRs8+muBhgQcrnbspox5X5fOw0HnMnbfDzvnEMEtqDEJEo8w==}
    engines: {node: '>=8'}

  javascript-natural-sort@0.7.1:
    resolution: {integrity: sha512-nO6jcEfZWQXDhOiBtG2KvKyEptz7RVbpGP4vTD2hLBdmNQSsCiicO2Ioinv6UI4y9ukqnBpy+XZ9H6uLNgJTlw==}

  joplin-turndown-plugin-gfm@1.0.12:
    resolution: {integrity: sha512-qL4+1iycQjZ1fs8zk3jSRk7cg3ROBUHk7GKtiLAQLFzLPKErnILUvz5DLszSQvz3s1sTjPbywLDISVUtBY6HaA==}

  js-tiktoken@1.0.16:
    resolution: {integrity: sha512-nUVdO5k/M9llWpiaZlBBDdtmr6qWXwSD6fgaDu2zM8UP+OXxx9V37lFkI6w0/1IuaDx7WffZ37oYd9KvcWKElg==}

  js-yaml@4.1.0:
    resolution: {integrity: sha512-wpxZs9NoxZaJESJGIZTyDEaYpl0FKSA+FB9aJiyemKhMwkxQg63h4T1KJgUGHpTqPDNRcmmYLugrRjJlBtWvRA==}
    hasBin: true

  json-schema-to-typescript@15.0.4:
    resolution: {integrity: sha512-Su9oK8DR4xCmDsLlyvadkXzX6+GGXJpbhwoLtOGArAG61dvbW4YQmSEno2y66ahpIdmLMg6YUf/QHLgiwvkrHQ==}
    engines: {node: '>=16.0.0'}
    hasBin: true

  json-schema-traverse@1.0.0:
    resolution: {integrity: sha512-NM8/P9n3XjXhIZn1lLhkFaACTOURQXjWhV4BA/RnOv8xvgqtqpAX9IO4mRQxSx1Rlo4tqzeqb0sOlruaOy3dug==}

  jsonrepair@3.11.2:
    resolution: {integrity: sha512-ejydGcTq0qKk1r0NUBwjtvswbPFhs19+QEfwSeGwB8KJZ59W7/AOFmQh04c68mkJ+2hGk+OkOmkr2bKG4tGlLQ==}
    hasBin: true

  lodash-es@4.17.21:
    resolution: {integrity: sha512-mKnC+QJ9pWVzv+C4/U3rRsHapFfHvQFoFB92e52xeyGMcX6/OlIl78je1u8vePzYZSkkogMPJ2yjxxsb89cxyw==}

  lodash.isequal@4.5.0:
    resolution: {integrity: sha512-pDo3lu8Jhfjqls6GkMgpahsF9kCyayhgykjyLMNFTKWrpVdAQtYyB4muAMWozBB4ig/dtWAmsMxLEI8wuz+DYQ==}
    deprecated: This package is deprecated. Use require('node:util').isDeepStrictEqual instead.

  lodash@4.17.21:
    resolution: {integrity: sha512-v2kDEe57lecTulaDIuNTPy3Ry4gLGJ6Z1O3vE1krgXZNrsQ+LFTGHVxVjcXPs17LhbZVGedAJv8XZ1tvj5FvSg==}

  mathjs@14.1.0:
    resolution: {integrity: sha512-W/aOnRs7YxoUfUe0si968BJ41Q07tApNNZL3JRpgnPdDO+qQO4YXbVdT8muP0vCrYBkmKGn/izseXlrAITgYqg==}
    engines: {node: '>= 18'}
    hasBin: true

  mime-db@1.52.0:
    resolution: {integrity: sha512-sPU4uV7dYlvtWJxwwxHD0PuihVNiE7TyAbQ5SWxDCB9mUYvOgroQOwYQQOKPJ8CIbE+1ETVlOoK1UC2nU3gYvg==}
    engines: {node: '>= 0.6'}

  mime-types@2.1.35:
    resolution: {integrity: sha512-ZDY+bPm5zTTF+YpCrAU9nK0UgICYPT0QtT1NZWFv4s++TNkcgVaT0g6+4R2uI4MjQjzysHB1zxuWL50hzaeXiw==}
    engines: {node: '>= 0.6'}

  minimist@1.2.8:
    resolution: {integrity: sha512-2yyAR8qBkN3YuheJanUpWC5U3bb5osDywNB8RzDVlDwDHbocAJveqqj1u8+SVD7jkWT4yvsHCpWqqWqAxb0zCA==}

  ms@2.1.3:
    resolution: {integrity: sha512-6FlzubTLZG3J2a/NVCAleEhjzq5oxgHyaCU9yYXvcLsvoVaHJq/s5xXI6/XXP6tz7R9xAOtHnSO/tXtF3WRTlA==}

  mustache@4.2.0:
    resolution: {integrity: sha512-71ippSywq5Yb7/tVYyGbkBggbU8H3u5Rz56fH60jGFgr8uHwxs+aSKeqmluIVzM0m0kB7xQjKS6qPfd0b2ZoqQ==}
    hasBin: true

  needle@3.3.1:
    resolution: {integrity: sha512-6k0YULvhpw+RoLNiQCRKOl09Rv1dPLr8hHnVjHqdolKwDrdNyk+Hmrthi4lIGPPz3r39dLx0hsF5s40sZ3Us4Q==}
    engines: {node: '>= 4.4.x'}
    hasBin: true

  node-domexception@1.0.0:
    resolution: {integrity: sha512-/jKZoMpw0F8GRwl4/eLROPA3cfcXtLApP0QzLmUT/HuPCZWyB7IY9ZrMeKw2O/nFIqPQB3PVM9aYm0F312AXDQ==}
    engines: {node: '>=10.5.0'}

  node-fetch@2.7.0:
    resolution: {integrity: sha512-c4FRfUm/dbcWZ7U+1Wq0AwCyFL+3nt2bEw05wfxSz+DWpWsitgmSgYmy2dQdWyKC1694ELPqMs/YzUSNozLt8A==}
    engines: {node: 4.x || >=6.0.0}
    peerDependencies:
      encoding: ^0.1.0
    peerDependenciesMeta:
      encoding:
        optional: true

  node-releases@2.0.19:
    resolution: {integrity: sha512-xxOWJsBKtzAq7DY0J+DTzuz58K8e7sJbdgwkbMWQe8UYB6ekmsQ45q0M/tJDsGaZmbC+l7n57UV8Hl5tHxO9uw==}

  object-hash@3.0.0:
    resolution: {integrity: sha512-RSn9F68PjH9HqtltsSnqYC1XXoWe9Bju5+213R98cNGttag9q9yAOTzdbsqvIa7aNm5WffBZFpWYr2aWrklWAw==}
    engines: {node: '>= 6'}

  ollama@0.5.12:
    resolution: {integrity: sha512-flVH1fn1c9NF7VV3bW9kSu0E+bYc40b4DxL/gS2Debhao35osJFRDiPOj9sIWTMvcyj78Paw1OuhfIe7uhDWfQ==}

  on-exit-leak-free@2.1.2:
    resolution: {integrity: sha512-0eJJY6hXLGf1udHwfNftBqH+g73EU4B504nZeKpz1sYRKafAghwxEJunB2O7rDZkL4PGfsMVnTXZ2EjibbqcsA==}
    engines: {node: '>=14.0.0'}

  openai-chat-tokens@0.2.8:
    resolution: {integrity: sha512-nW7QdFDIZlAYe6jsCT/VPJ/Lam3/w2DX9oxf/5wHpebBT49KI3TN43PPhYlq1klq2ajzXWKNOLY6U4FNZM7AoA==}

  openai@4.80.1:
    resolution: {integrity: sha512-+6+bbXFwbIE88foZsBEt36bPkgZPdyFN82clAXG61gnHb2gXdZApDyRrcAHqEtpYICywpqaNo57kOm9dtnb7Cw==}
    hasBin: true
    peerDependencies:
      ws: ^8.18.0
      zod: ^3.23.8
    peerDependenciesMeta:
      ws:
        optional: true
      zod:
        optional: true

  ow@0.28.2:
    resolution: {integrity: sha512-dD4UpyBh/9m4X2NVjA+73/ZPBRF+uF4zIMFvvQsabMiEK8x41L3rQ8EENOi35kyyoaJwNxEeJcP6Fj1H4U409Q==}
    engines: {node: '>=12'}

  p-queue-compat@1.0.229:
    resolution: {integrity: sha512-w/jxEziXYIoQ4O93LijryeEWTfcx/dTshOzPtydQ9kfgr1nPZ+h7h2nvoL/1rYYL/Rg2uwUydZV8GDkAYPqV5w==}
    engines: {node: '>=12'}

  p-throttle@7.0.0:
    resolution: {integrity: sha512-aio0v+S0QVkH1O+9x4dHtD4dgCExACcL+3EtNaGqC01GBudS9ijMuUsmN8OVScyV4OOp0jqdLShZFuSlbL/AsA==}
    engines: {node: '>=18'}

  p-timeout-compat@1.0.6:
    resolution: {integrity: sha512-4Xj6j5oP1hYuBcl3iPhY972E8gm427UGqwV4UoXQB94ezqMY8VcRPV1rwAeENtSqCNjiEkEMwPgNdPpJdZV84w==}
    engines: {node: '>=12'}

  picocolors@1.1.1:
    resolution: {integrity: sha512-xceH2snhtb5M9liqDsmEw56le376mTZkEX/jEb/RxNFyegNul7eNslCXP9FDj/Lcu0X8KEyMceP2ntpaHrDEVA==}

  picomatch@4.0.2:
    resolution: {integrity: sha512-M7BAV6Rlcy5u+m6oPhAPFgJTzAioX/6B0DxyvDlo9l8+T3nLKbrczg2WLUyzd45L8RqfUMyGPzekbMvX2Ldkwg==}
    engines: {node: '>=12'}

  pino-abstract-transport@2.0.0:
    resolution: {integrity: sha512-F63x5tizV6WCh4R6RHyi2Ml+M70DNRXt/+HANowMflpgGFMAym/VKm6G7ZOQRjqN7XbGxK1Lg9t6ZrtzOaivMw==}

  pino-std-serializers@7.0.0:
    resolution: {integrity: sha512-e906FRY0+tV27iq4juKzSYPbUj2do2X2JX4EzSca1631EB2QJQUqGbDuERal7LCtOpxl6x3+nvo9NPZcmjkiFA==}

  pino@9.6.0:
    resolution: {integrity: sha512-i85pKRCt4qMjZ1+L7sy2Ag4t1atFcdbEt76+7iRJn1g2BvsnRMGu9p8pivl9fs63M2kF/A0OacFZhTub+m/qMg==}
    hasBin: true

  prettier@3.4.2:
    resolution: {integrity: sha512-e9MewbtFo+Fevyuxn/4rrcDAaq0IYxPGLvObpQjiZBMAzB9IGmzlnG9RZy3FFas+eBMu2vA0CszMeduow5dIuQ==}
    engines: {node: '>=14'}
    hasBin: true

  process-warning@4.0.1:
    resolution: {integrity: sha512-3c2LzQ3rY9d0hc1emcsHhfT9Jwz0cChib/QN89oME2R451w5fy3f0afAhERFZAwrbDU43wk12d0ORBpDVME50Q==}

  promise-based-task@3.1.1:
    resolution: {integrity: sha512-67wj5yO49S47PxPV4vMCcqGPm/K8AMyE1uXCyRFSd9y/crUaRyJf/NHy8UMNsyWm/PEOWWOa27fXxu591/xLag==}

  proxy-from-env@1.1.0:
    resolution: {integrity: sha512-D+zkORCbA9f1tdWRK0RaCR3GPv50cMxcrz4X8k5LTSUD1Dkw47mKJEZQNunItRTkWwgtaUSo1RVFRIG9ZXiFYg==}

  quick-format-unescaped@4.0.4:
    resolution: {integrity: sha512-tYC1Q1hgyRuHgloV/YXs2w15unPVh8qfu/qCTfhTYamaw7fyhumKa2yGpdSo87vY32rIclj+4fWYQXUMs9EHvg==}

  ranges-apply@7.0.16:
    resolution: {integrity: sha512-4rGJHOyA7qatiMDg3vcETkc/TVBPU86/xZRTXff6o7a2neYLmj0EXUUAlhLVuiWAzTPHDPHOQxtk8EDrIF4ohg==}
    engines: {node: '>=14.18.0'}

  ranges-merge@9.0.15:
    resolution: {integrity: sha512-hvt4hx0FKIaVfjd1oKx0poL57ljxdL2KHC6bXBrAdsx2iCsH+x7nO/5J0k2veM/isnOcFZKp0ZKkiCjCtzy74Q==}
    engines: {node: '>=14.18.0'}

  ranges-push@7.0.15:
    resolution: {integrity: sha512-gXpBYQ5Umf3uG6jkJnw5ddok2Xfo5p22rAJBLrqzNKa7qkj3q5AOCoxfRPXEHUVaJutfXc9K9eGXdIzdyQKPkw==}
    engines: {node: '>=14.18.0'}

  ranges-sort@6.0.11:
    resolution: {integrity: sha512-fhNEG0vGi7bESitNNqNBAfYPdl2efB+1paFlI8BQDCNkruERKuuhG8LkQClDIVqUJLkrmKuOSPQ3xZHqVnVo3Q==}
    engines: {node: '>=14.18.0'}

  raw-body@3.0.0:
    resolution: {integrity: sha512-RmkhL8CAyCRPXCE28MMH0z2PNWQBNk2Q09ZdxM9IOOXwxwZbN+qbWaatPkdkWIKL2ZVDImrN/pK5HTRz2PcS4g==}
    engines: {node: '>= 0.8'}

  real-require@0.2.0:
    resolution: {integrity: sha512-57frrGM/OCTLqLOAh0mhVA9VBMHd+9U7Zb2THMGdBUoZVOtGbJzjxsYGDJ3A9AYYCP4hn6y1TVbaOfzWtm5GFg==}
    engines: {node: '>= 12.13.0'}

  regenerator-runtime@0.14.1:
    resolution: {integrity: sha512-dYnhHh0nJoMfnkZs6GmmhFknAGRrLznOu5nc9ML+EJxGvrx6H7teuevqVqCuPcPK//3eDrrjQhehXVx9cnkGdw==}

  remeda@2.20.0:
    resolution: {integrity: sha512-T1qiOhoyzT0RToEbZn+saIkBvOxyFJrd4/Fr5PeR6x53PuGNq88mDAipmYhrsxbI+CmJGFVl/X+hoCkV6J8q/A==}

  require-from-string@2.0.2:
    resolution: {integrity: sha512-Xf0nWe6RseziFMu+Ap9biiUbmplq6S9/p+7w7YXP/JBHhrUDDUhwa+vANyubuqfZWTveU//DYVGsDG7RKL/vEw==}
    engines: {node: '>=0.10.0'}

  rfdc@1.4.1:
    resolution: {integrity: sha512-q1b3N5QkRUWUl7iyylaaj3kOpIT0N2i9MqIEQXP73GVsN9cw3fdx8X63cEmWhJGi2PPCF23Ijp7ktmd39rawIA==}

  safe-stable-stringify@2.5.0:
    resolution: {integrity: sha512-b3rppTKm9T+PsVCBEOUR46GWI7fdOs00VKZ1+9c1EWDaDMvjQc6tUwuFyIprgGgTcWoVHSKrU8H31ZHA2e0RHA==}
    engines: {node: '>=10'}

  safer-buffer@2.1.2:
    resolution: {integrity: sha512-YZo3K82SD7Riyi0E1EQPojLz7kpepnSQI9IyPbHHg1XXXevb5dJI7tpyN2ADxGcQbHG7vcyRHk0cbwqcQriUtg==}

  sax@1.4.1:
    resolution: {integrity: sha512-+aWOz7yVScEGoKNd4PA10LZ8sk0A/z5+nXQG5giUO5rprX9jgYsTdov9qCchZiPIZezbZH+jRut8nPodFAX4Jg==}

  seedrandom@3.0.5:
    resolution: {integrity: sha512-8OwmbklUNzwezjGInmZ+2clQmExQPvomqjL7LFqOYqtmuxRgQYqOD3mHaU+MvZn5FLUeVxVfQjwLZW/n/JFuqg==}

  serialize-error@11.0.3:
    resolution: {integrity: sha512-2G2y++21dhj2R7iHAdd0FIzjGwuKZld+7Pl/bTU6YIkrC2ZMbVUjm+luj6A6V34Rv9XfKJDKpTWu9W4Gse1D9g==}
    engines: {node: '>=14.16'}

  setprototypeof@1.2.0:
    resolution: {integrity: sha512-E5LDX7Wrp85Kil5bhZv46j8jOeboKq5JMmYM3gVGdGH8xFpPWXUMsNrlODCrkoxMEeNi/XZIwuRvY4XNwYMJpw==}

  sonic-boom@4.2.0:
    resolution: {integrity: sha512-INb7TM37/mAcsGmc9hyyI6+QR3rR1zVRu36B0NeGXKnOOLiZOfER5SA+N7X7k3yUYRzLWafduTDvJAfDswwEww==}

  split2@4.2.0:
    resolution: {integrity: sha512-UcjcJOWknrNkF6PLX83qcHM6KHgVKNkV62Y8a5uYDVv9ydGQVwAHMKqHdJje1VTWpljG0WYpCDhrCdAOYH4TWg==}
    engines: {node: '>= 10.x'}

  split@1.0.1:
    resolution: {integrity: sha512-mTyOoPbrivtXnwnIxZRFYRrPNtEFKlpB2fvjSnCQUiAA6qAZzqwna5envK4uk6OIeP17CsdF3rSBGYVBsU0Tkg==}

  statuses@2.0.1:
    resolution: {integrity: sha512-RwNA9Z/7PrK06rYLIzFMlaF+l73iwpzsqRIFgbMLbTcLD6cOao82TaWefPXQvB2fOC4AjuYSEndS7N/mTCbkdQ==}
    engines: {node: '>= 0.8'}

  string-collapse-leading-whitespace@7.0.7:
    resolution: {integrity: sha512-jF9eynJoE6ezTCdYI8Qb02/ij/DlU9ItG93Dty4SWfJeLFrotOr+wH9IRiWHTqO3mjCyqBWEiU3uSTIbxYbAEQ==}
    engines: {node: '>=14.18.0'}

  string-comparison@1.3.0:
    resolution: {integrity: sha512-46aD+slEwybxAMPRII83ATbgMgTiz5P8mVd7Z6VJsCzSHFjdt1hkAVLeFxPIyEb11tc6ihpJTlIqoO0MCF6NPw==}
    engines: {node: ^16.0.0 || >=18.0.0}

  string-left-right@6.0.17:
    resolution: {integrity: sha512-nuyIV4D4ivnwT64E0TudmCRg52NfkumuEUilyoOrHb/Z2wEOF5I+9SI6P+veFKqWKZfGpAs6OqKe4nAjujARyw==}
    engines: {node: '>=14.18.0'}

  string-strip-html@13.4.8:
    resolution: {integrity: sha512-vlcRAtx5DN6zXGUx3EYGFg0/JOQWM65mqLgDaBHviQPP+ovUFzqZ30iQ+674JHWr9wNgnzFGxx9TGipPZMnZXg==}
    engines: {node: '>=14.18.0'}

  string-trim-spaces-only@5.0.10:
    resolution: {integrity: sha512-MhmjE5jNqb1Ylo+BARPRlsdChGLrnPpAUWrT1VOxo9WhWwKVUU6CbZTfjwKaQPYTGS/wsX/4Zek88FM2rEb5iA==}
    engines: {node: '>=14.18.0'}

  strnum@1.0.5:
    resolution: {integrity: sha512-J8bbNyKKXl5qYcR36TIO8W3mVGVHrmmxsd5PAItGkmyzwJvybiw2IVq5nqd0i4LSNSkB/sx9VHllbfFdr9k1JA==}

  thread-stream@3.1.0:
    resolution: {integrity: sha512-OqyPZ9u96VohAyMfJykzmivOrY2wfMSf3C5TtFJVgN+Hm6aj+voFhlK+kZEIv2FBh1X6Xp3DlnCOfEQ3B2J86A==}

  through@2.3.8:
    resolution: {integrity: sha512-w89qg7PI8wAdvX60bMDP+bFoD5Dvhm9oLheFp5O4a2QF0cSBGsBX4qZmadPMvVqlLJBBci+WqGGOAPvcDeNSVg==}

  tiny-emitter@2.1.0:
    resolution: {integrity: sha512-NB6Dk1A9xgQPMoGqC5CVXn123gWyte215ONT5Pp5a0yt4nlEoO1ZWeCwpncaekPHXO60i47ihFnZPiRPjRMq4Q==}

  tiny-invariant@1.3.3:
    resolution: {integrity: sha512-+FbBPE1o9QAYvviau/qC5SE3caw21q3xkvWKBtja5vgqOWIHHJ3ioaq1VPfn/Szqctz2bU/oYeKd9/z5BL+PVg==}

  tinyglobby@0.2.10:
    resolution: {integrity: sha512-Zc+8eJlFMvgatPZTl6A9L/yht8QqdmUNtURHaKZLmKBE12hNPSrqNkUp2cs3M/UKmNVVAMFQYSjYIVHDjW5zew==}
    engines: {node: '>=12.0.0'}

  toidentifier@1.0.1:
    resolution: {integrity: sha512-o5sSPKEkg/DIQNmH43V0/uerLrpzVedkUh8tGNvaeXpfpuwjKenlSox/2O/BTlZUtEe+JG7s5YhEz608PlAHRA==}
    engines: {node: '>=0.6'}

  tr46@0.0.3:
    resolution: {integrity: sha512-N3WMsuqV66lT30CrXNbEjx4GEwlow3v6rr4mCcv6prnfwhS01rkgyFdjPNBYd9br7LpXV1+Emh01fHnq2Gdgrw==}

  tslib@2.8.1:
    resolution: {integrity: sha512-oJFu94HQb+KVduSUQL7wnpmqnfmLsOA/nAh6b6EH0wCEoK0/mPeXU6c3wKDV83MkOuHPRHtSXKKU99IBazS/2w==}

  turndown@7.2.0:
    resolution: {integrity: sha512-eCZGBN4nNNqM9Owkv9HAtWRYfLA4h909E/WGAWWBpmB275ehNhZyk87/Tpvjbp0jjNl9XwCsbe6bm6CqFsgD+A==}

  type-fest@2.19.0:
    resolution: {integrity: sha512-RAH822pAdBgcNMAfWnCBU3CFZcfZ/i1eZjwFU/dsLKumyuuP3niueg2UAukXYF0E2AAoc82ZSSf9J0WQBinzHA==}
    engines: {node: '>=12.20'}

  type-fest@4.33.0:
    resolution: {integrity: sha512-s6zVrxuyKbbAsSAD5ZPTB77q4YIdRctkTbJ2/Dqlinwz+8ooH2gd+YA7VA6Pa93KML9GockVvoxjZ2vHP+mu8g==}
    engines: {node: '>=16'}

  typed-function@4.2.1:
    resolution: {integrity: sha512-EGjWssW7Tsk4DGfE+5yluuljS1OGYWiI1J6e8puZz9nTMM51Oug8CD5Zo4gWMsOhq5BI+1bF+rWTm4Vbj3ivRA==}
    engines: {node: '>= 18'}

  undici-types@5.26.5:
    resolution: {integrity: sha512-JlCMO+ehdEIKqlFxk6IfVoAUVmgz7cU7zD/h9XZ0qzeosSHmUJVOzSQvvYSYWXkFXC+IfLKSIffhv0sVZup6pA==}

  unpipe@1.0.0:
    resolution: {integrity: sha512-pjy2bYhSsufwWlKwPc+l3cN7+wuJlK6uz0YdJEOlQDbl6jo/YlPi4mb8agUkVC8BF7V8NuzeyPNqRksA3hztKQ==}
    engines: {node: '>= 0.8'}

  update-browserslist-db@1.1.2:
    resolution: {integrity: sha512-PPypAm5qvlD7XMZC3BujecnaOxwhrtoFR+Dqkk5Aa/6DssiH0ibKoketaj9w8LP7Bont1rYeoV5plxD7RTEPRg==}
    hasBin: true
    peerDependencies:
      browserslist: '>= 4.21.0'

  vali-date@1.0.0:
    resolution: {integrity: sha512-sgECfZthyaCKW10N0fm27cg8HYTFK5qMWgypqkXMQ4Wbl/zZKx7xZICgcoxIIE+WFAP/MBL2EFwC/YvLxw3Zeg==}
    engines: {node: '>=0.10.0'}

  web-streams-polyfill@4.0.0-beta.3:
    resolution: {integrity: sha512-QW95TCTaHmsYfHDybGMwO5IJIM93I/6vTRk+daHTWFPhwh+C8Cg7j7XyKrwrj8Ib6vYXe0ocYNrmzY4xAAN6ug==}
    engines: {node: '>= 14'}

  webidl-conversions@3.0.1:
    resolution: {integrity: sha512-2JAn3z8AR6rjK8Sm8orRC0h/bcl/DqL7tRPdGZ4I1CjdF+EaMLmYxBHyXuKL849eucPFhvBoxMsflfOb8kxaeQ==}

  whatwg-fetch@3.6.20:
    resolution: {integrity: sha512-EqhiFU6daOA8kpjOWTL0olhVOF3i7OrFzSYiGsEMB8GcXS+RrzauAERX65xMeNWVqxA6HXH2m69Z9LaKKdisfg==}

  whatwg-url@5.0.0:
    resolution: {integrity: sha512-saE57nupxk6v3HY35+jzBwYa0rKSy0XR8JSxZPwgLr7ys0IBzhGviA1/TUGJLmSVqs8pb9AnvICXEuOHLprYTw==}

  wikipedia@2.1.2:
    resolution: {integrity: sha512-RAYaMpXC9/E873RaSEtlEa8dXK4e0p5k98GKOd210MtkE5emm6fcnwD+N6ZA4cuffjDWagvhaQKtp/mGp2BOVQ==}
    engines: {node: '>=10'}

  zod-to-json-schema@3.24.1:
    resolution: {integrity: sha512-3h08nf3Vw3Wl3PK+q3ow/lIil81IT2Oa7YpQyUUDsEWbXveMesdfK1xBd2RhCkynwZndAxixji/7SYJJowr62w==}
    peerDependencies:
      zod: ^3.24.1

  zod@3.24.1:
    resolution: {integrity: sha512-muH7gBL9sI1nciMZV67X5fTKKBLtwpZ5VBp1vsOQzj1MhrBZ4wlVCm3gedKZWLp0Oyel8sIGfeiz54Su+OVT+A==}

snapshots:

  '@ai-zen/node-fetch-event-source@2.1.4':
    dependencies:
      cross-fetch: 4.1.0
    transitivePeerDependencies:
      - encoding

  '@apidevtools/json-schema-ref-parser@11.7.3':
    dependencies:
      '@jsdevtools/ono': 7.1.3
      '@types/json-schema': 7.0.15
      js-yaml: 4.1.0

  '@babel/runtime@7.26.7':
    dependencies:
      regenerator-runtime: 0.14.1

  '@jsdevtools/ono@7.1.3': {}

  '@lambdatest/node-tunnel@4.0.8':
    dependencies:
      adm-zip: 0.5.16
      axios: 1.7.9
      get-port: 1.0.0
      https-proxy-agent: 5.0.1
      split: 1.0.1
    transitivePeerDependencies:
      - debug
      - supports-color

  '@mixmark-io/domino@2.2.0': {}

  '@modelcontextprotocol/sdk@https://codeload.github.com/i-am-bee/mcp-typescript-sdk/tar.gz/5e969912686ee1c31c87e1cf743aaa4ac43b05af':
    dependencies:
      content-type: 1.0.5
      raw-body: 3.0.0
      zod: 3.24.1
      zod-to-json-schema: 3.24.1(zod@3.24.1)

  '@opentelemetry/api@1.9.0': {}

  '@sindresorhus/is@4.6.0': {}

  '@streamparser/json@0.0.21': {}

  '@types/json-schema@7.0.15': {}

  '@types/lodash-es@4.17.12':
    dependencies:
      '@types/lodash': 4.17.14

  '@types/lodash@4.17.14': {}

  '@types/node-fetch@2.6.12':
    dependencies:
      '@types/node': 18.19.74
      form-data: 4.0.1

  '@types/node@18.19.74':
    dependencies:
      undici-types: 5.26.5

  abort-controller@3.0.0:
    dependencies:
      event-target-shim: 5.0.1

  adm-zip@0.5.16: {}

  agent-base@6.0.2:
    dependencies:
      debug: 4.4.0
    transitivePeerDependencies:
      - supports-color

  agentkeepalive@4.6.0:
    dependencies:
      humanize-ms: 1.2.1

  ajv-formats@3.0.1(ajv@8.17.1):
    optionalDependencies:
      ajv: 8.17.1

  ajv@8.17.1:
    dependencies:
      fast-deep-equal: 3.1.3
      fast-uri: 3.0.6
      json-schema-traverse: 1.0.0
      require-from-string: 2.0.2

  argparse@2.0.1: {}

  asynckit@0.4.0: {}

  atomic-sleep@1.0.0: {}

  axios@1.7.9:
    dependencies:
      follow-redirects: 1.15.9
      form-data: 4.0.1
      proxy-from-env: 1.1.0
    transitivePeerDependencies:
      - debug

  base64-js@1.5.1: {}

  bee-agent-framework@0.0.58(@modelcontextprotocol/sdk@https://codeload.github.com/i-am-bee/mcp-typescript-sdk/tar.gz/5e969912686ee1c31c87e1cf743aaa4ac43b05af)(ollama@0.5.12)(openai-chat-tokens@0.2.8)(openai@4.80.1(zod@3.24.1)):
    dependencies:
      '@ai-zen/node-fetch-event-source': 2.1.4
      '@opentelemetry/api': 1.9.0
      '@streamparser/json': 0.0.21
      ajv: 8.17.1
      ajv-formats: 3.0.1(ajv@8.17.1)
      duck-duck-scrape: 2.2.7
      fast-xml-parser: 4.5.1
      header-generator: 2.1.62
      joplin-turndown-plugin-gfm: 1.0.12
      js-yaml: 4.1.0
      json-schema-to-typescript: 15.0.4
      jsonrepair: 3.11.2
      mathjs: 14.1.0
      mustache: 4.2.0
      object-hash: 3.0.0
      p-queue-compat: 1.0.229
      p-throttle: 7.0.0
      pino: 9.6.0
      promise-based-task: 3.1.1
      remeda: 2.20.0
      serialize-error: 11.0.3
      string-comparison: 1.3.0
      string-strip-html: 13.4.8
      turndown: 7.2.0
      wikipedia: 2.1.2
      zod: 3.24.1
      zod-to-json-schema: 3.24.1(zod@3.24.1)
    optionalDependencies:
      '@modelcontextprotocol/sdk': https://codeload.github.com/i-am-bee/mcp-typescript-sdk/tar.gz/5e969912686ee1c31c87e1cf743aaa4ac43b05af
      ollama: 0.5.12
      openai: 4.80.1(zod@3.24.1)
      openai-chat-tokens: 0.2.8
    transitivePeerDependencies:
      - debug
      - encoding
      - supports-color

  browserslist@4.24.4:
    dependencies:
      caniuse-lite: 1.0.30001695
      electron-to-chromium: 1.5.88
      node-releases: 2.0.19
      update-browserslist-db: 1.1.2(browserslist@4.24.4)

  bytes@3.1.2: {}

  callsites@3.1.0: {}

  camelcase@4.1.0: {}

  caniuse-lite@1.0.30001695: {}

  codsen-utils@1.6.4:
    dependencies:
      rfdc: 1.4.1

  combined-stream@1.0.8:
    dependencies:
      delayed-stream: 1.0.0

  complex.js@2.4.2: {}

  content-type@1.0.5: {}

  cross-fetch@4.1.0:
    dependencies:
      node-fetch: 2.7.0
    transitivePeerDependencies:
      - encoding

  debug@4.4.0:
    dependencies:
      ms: 2.1.3

  decimal.js@10.5.0: {}

  delayed-stream@1.0.0: {}

  depd@2.0.0: {}

  dot-prop@6.0.1:
    dependencies:
      is-obj: 2.0.0

  duck-duck-scrape@2.2.7:
    dependencies:
      html-entities: 2.5.2
      needle: 3.3.1

  electron-to-chromium@1.5.88: {}

  escalade@3.2.0: {}

  escape-latex@1.2.0: {}

  event-target-shim@5.0.1: {}

  eventemitter3@5.0.1: {}

  fast-deep-equal@3.1.3: {}

  fast-redact@3.5.0: {}

  fast-uri@3.0.6: {}

  fast-xml-parser@4.5.1:
    dependencies:
      strnum: 1.0.5

  fdir@6.4.3(picomatch@4.0.2):
    optionalDependencies:
      picomatch: 4.0.2

  follow-redirects@1.15.9: {}

  form-data-encoder@1.7.2: {}

  form-data@4.0.1:
    dependencies:
      asynckit: 0.4.0
      combined-stream: 1.0.8
      mime-types: 2.1.35

  formdata-node@4.4.1:
    dependencies:
      node-domexception: 1.0.0
      web-streams-polyfill: 4.0.0-beta.3

  fraction.js@5.2.1: {}

  generative-bayesian-network@2.1.62:
    dependencies:
      adm-zip: 0.5.16
      tslib: 2.8.1

  get-port@1.0.0: {}

  header-generator@2.1.62:
    dependencies:
      browserslist: 4.24.4
      generative-bayesian-network: 2.1.62
      ow: 0.28.2
      tslib: 2.8.1

  html-entities@2.5.2: {}

  http-errors@2.0.0:
    dependencies:
      depd: 2.0.0
      inherits: 2.0.4
      setprototypeof: 1.2.0
      statuses: 2.0.1
      toidentifier: 1.0.1

  https-proxy-agent@5.0.1:
    dependencies:
      agent-base: 6.0.2
      debug: 4.4.0
    transitivePeerDependencies:
      - supports-color

  humanize-ms@1.2.1:
    dependencies:
      ms: 2.1.3

  iconv-lite@0.6.3:
    dependencies:
      safer-buffer: 2.1.2

  infobox-parser@3.6.4:
    dependencies:
      camelcase: 4.1.0

  inherits@2.0.4: {}

  is-extglob@2.1.1: {}

  is-glob@4.0.3:
    dependencies:
      is-extglob: 2.1.1

  is-obj@2.0.0: {}

  javascript-natural-sort@0.7.1: {}

  joplin-turndown-plugin-gfm@1.0.12: {}

  js-tiktoken@1.0.16:
    dependencies:
      base64-js: 1.5.1

  js-yaml@4.1.0:
    dependencies:
      argparse: 2.0.1

  json-schema-to-typescript@15.0.4:
    dependencies:
      '@apidevtools/json-schema-ref-parser': 11.7.3
      '@types/json-schema': 7.0.15
      '@types/lodash': 4.17.14
      is-glob: 4.0.3
      js-yaml: 4.1.0
      lodash: 4.17.21
      minimist: 1.2.8
      prettier: 3.4.2
      tinyglobby: 0.2.10

  json-schema-traverse@1.0.0: {}

  jsonrepair@3.11.2: {}

  lodash-es@4.17.21: {}

  lodash.isequal@4.5.0: {}

  lodash@4.17.21: {}

  mathjs@14.1.0:
    dependencies:
      '@babel/runtime': 7.26.7
      '@lambdatest/node-tunnel': 4.0.8
      complex.js: 2.4.2
      decimal.js: 10.5.0
      escape-latex: 1.2.0
      fraction.js: 5.2.1
      javascript-natural-sort: 0.7.1
      seedrandom: 3.0.5
      tiny-emitter: 2.1.0
      typed-function: 4.2.1
    transitivePeerDependencies:
      - debug
      - supports-color

  mime-db@1.52.0: {}

  mime-types@2.1.35:
    dependencies:
      mime-db: 1.52.0

  minimist@1.2.8: {}

  ms@2.1.3: {}

  mustache@4.2.0: {}

  needle@3.3.1:
    dependencies:
      iconv-lite: 0.6.3
      sax: 1.4.1

  node-domexception@1.0.0: {}

  node-fetch@2.7.0:
    dependencies:
      whatwg-url: 5.0.0

  node-releases@2.0.19: {}

  object-hash@3.0.0: {}

  ollama@0.5.12:
    dependencies:
      whatwg-fetch: 3.6.20

  on-exit-leak-free@2.1.2: {}

  openai-chat-tokens@0.2.8:
    dependencies:
      js-tiktoken: 1.0.16

  openai@4.80.1(zod@3.24.1):
    dependencies:
      '@types/node': 18.19.74
      '@types/node-fetch': 2.6.12
      abort-controller: 3.0.0
      agentkeepalive: 4.6.0
      form-data-encoder: 1.7.2
      formdata-node: 4.4.1
      node-fetch: 2.7.0
    optionalDependencies:
      zod: 3.24.1
    transitivePeerDependencies:
      - encoding

  ow@0.28.2:
    dependencies:
      '@sindresorhus/is': 4.6.0
      callsites: 3.1.0
      dot-prop: 6.0.1
      lodash.isequal: 4.5.0
      vali-date: 1.0.0

  p-queue-compat@1.0.229:
    dependencies:
      eventemitter3: 5.0.1
      p-timeout-compat: 1.0.6

  p-throttle@7.0.0: {}

  p-timeout-compat@1.0.6: {}

  picocolors@1.1.1: {}

  picomatch@4.0.2: {}

  pino-abstract-transport@2.0.0:
    dependencies:
      split2: 4.2.0

  pino-std-serializers@7.0.0: {}

  pino@9.6.0:
    dependencies:
      atomic-sleep: 1.0.0
      fast-redact: 3.5.0
      on-exit-leak-free: 2.1.2
      pino-abstract-transport: 2.0.0
      pino-std-serializers: 7.0.0
      process-warning: 4.0.1
      quick-format-unescaped: 4.0.4
      real-require: 0.2.0
      safe-stable-stringify: 2.5.0
      sonic-boom: 4.2.0
      thread-stream: 3.1.0

  prettier@3.4.2: {}

  process-warning@4.0.1: {}

  promise-based-task@3.1.1: {}

  proxy-from-env@1.1.0: {}

  quick-format-unescaped@4.0.4: {}

  ranges-apply@7.0.16:
    dependencies:
      ranges-merge: 9.0.15
      tiny-invariant: 1.3.3

  ranges-merge@9.0.15:
    dependencies:
      ranges-push: 7.0.15
      ranges-sort: 6.0.11

  ranges-push@7.0.15:
    dependencies:
      codsen-utils: 1.6.4
      ranges-sort: 6.0.11
      string-collapse-leading-whitespace: 7.0.7
      string-trim-spaces-only: 5.0.10

  ranges-sort@6.0.11: {}

  raw-body@3.0.0:
    dependencies:
      bytes: 3.1.2
      http-errors: 2.0.0
      iconv-lite: 0.6.3
      unpipe: 1.0.0

  real-require@0.2.0: {}

  regenerator-runtime@0.14.1: {}

  remeda@2.20.0:
    dependencies:
      type-fest: 4.33.0

  require-from-string@2.0.2: {}

  rfdc@1.4.1: {}

  safe-stable-stringify@2.5.0: {}

  safer-buffer@2.1.2: {}

  sax@1.4.1: {}

  seedrandom@3.0.5: {}

  serialize-error@11.0.3:
    dependencies:
      type-fest: 2.19.0

  setprototypeof@1.2.0: {}

  sonic-boom@4.2.0:
    dependencies:
      atomic-sleep: 1.0.0

  split2@4.2.0: {}

  split@1.0.1:
    dependencies:
      through: 2.3.8

  statuses@2.0.1: {}

  string-collapse-leading-whitespace@7.0.7: {}

  string-comparison@1.3.0: {}

  string-left-right@6.0.17:
    dependencies:
      codsen-utils: 1.6.4
      rfdc: 1.4.1

  string-strip-html@13.4.8:
    dependencies:
      '@types/lodash-es': 4.17.12
      codsen-utils: 1.6.4
      html-entities: 2.5.2
      lodash-es: 4.17.21
      ranges-apply: 7.0.16
      ranges-push: 7.0.15
      string-left-right: 6.0.17

  string-trim-spaces-only@5.0.10: {}

  strnum@1.0.5: {}

  thread-stream@3.1.0:
    dependencies:
      real-require: 0.2.0

  through@2.3.8: {}

  tiny-emitter@2.1.0: {}

  tiny-invariant@1.3.3: {}

  tinyglobby@0.2.10:
    dependencies:
      fdir: 6.4.3(picomatch@4.0.2)
      picomatch: 4.0.2

  toidentifier@1.0.1: {}

  tr46@0.0.3: {}

  tslib@2.8.1: {}

  turndown@7.2.0:
    dependencies:
      '@mixmark-io/domino': 2.2.0

  type-fest@2.19.0: {}

  type-fest@4.33.0: {}

  typed-function@4.2.1: {}

  undici-types@5.26.5: {}

  unpipe@1.0.0: {}

  update-browserslist-db@1.1.2(browserslist@4.24.4):
    dependencies:
      browserslist: 4.24.4
      escalade: 3.2.0
      picocolors: 1.1.1

  vali-date@1.0.0: {}

  web-streams-polyfill@4.0.0-beta.3: {}

  webidl-conversions@3.0.1: {}

  whatwg-fetch@3.6.20: {}

  whatwg-url@5.0.0:
    dependencies:
      tr46: 0.0.3
      webidl-conversions: 3.0.1

  wikipedia@2.1.2:
    dependencies:
      axios: 1.7.9
      infobox-parser: 3.6.4
    transitivePeerDependencies:
      - debug

  zod-to-json-schema@3.24.1(zod@3.24.1):
    dependencies:
      zod: 3.24.1

  zod@3.24.1: {}
